
Microsoft Visual Studio Solution File, Format Version 12.00
# Visual Studio Version 17
VisualStudioVersion = 17.9.34616.47
MinimumVisualStudioVersion = 10.0.40219.1
Project("{FAE04EC0-301F-11D3-BF4B-00C04F79EFBC}") = "tpmodul8_1302223044", "tpmodul8_1302223044\tpmodul8_1302223044.csproj", "{C884A9E1-73A3-4AB2-9D83-D44C990989A5}"
EndProject
Global
	GlobalSection(SolutionConfigurationPlatforms) = preSolution
		Debug|Any CPU = Debug|Any CPU
		Release|Any CPU = Release|Any CPU
	EndGlobalSection
	GlobalSection(ProjectConfigurationPlatforms) = postSolution
		{C884A9E1-73A3-4AB2-9D83-D44C990989A5}.Debug|Any CPU.ActiveCfg = Debug|Any CPU
		{C884A9E1-73A3-4AB2-9D83-D44C990989A5}.Debug|Any CPU.Build.0 = Debug|Any CPU
		{C884A9E1-73A3-4AB2-9D83-D44C990989A5}.Release|Any CPU.ActiveCfg = Release|Any CPU
		{C884A9E1-73A3-4AB2-9D83-D44C990989A5}.Release|Any CPU.Build.0 = Release|Any CPU
	EndGlobalSection
	GlobalSection(SolutionProperties) = preSolution
		HideSolutionNode = FALSE
	EndGlobalSection
	GlobalSection(ExtensibilityGlobals) = postSolution
		SolutionGuid = {7D24D4CB-8D22-4708-AA0D-544F9D2C06F0}
	EndGlobalSection
EndGlobal
